
Microsoft Visual Studio Solution File, Format Version 12.00
# Visual Studio Version 17
VisualStudioVersion = 17.2.32519.379
MinimumVisualStudioVersion = 10.0.40219.1
Project("{9A19103F-16F7-4668-BE54-9A1E7A4F7556}") = "Entities", "Entities\Entities.csproj", "{F3356F3F-D4E4-4B2D-B298-BF323DB538F8}"
EndProject
Project("{9A19103F-16F7-4668-BE54-9A1E7A4F7556}") = "DataAccess", "DataAccess\DataAccess.csproj", "{EBADD1C2-7A8D-4FD0-BEB1-C297A9B71443}"
EndProject
Project("{9A19103F-16F7-4668-BE54-9A1E7A4F7556}") = "Business", "Business\Business.csproj", "{B0C8E866-783A-4DFF-AC4D-D88F2CB7F0C6}"
EndProject
Project("{9A19103F-16F7-4668-BE54-9A1E7A4F7556}") = "Core", "Core\Core.csproj", "{0132DBAA-014C-496E-8440-96A31B464FCB}"
EndProject
Project("{FAE04EC0-301F-11D3-BF4B-00C04F79EFBC}") = "WebAPI", "WebAPI\WebAPI.csproj", "{EA7CD25F-7744-4D37-A8A1-86747FC3F9B9}"
EndProject
Global
	GlobalSection(SolutionConfigurationPlatforms) = preSolution
		Debug|Any CPU = Debug|Any CPU
		Release|Any CPU = Release|Any CPU
	EndGlobalSection
	GlobalSection(ProjectConfigurationPlatforms) = postSolution
		{F3356F3F-D4E4-4B2D-B298-BF323DB538F8}.Debug|Any CPU.ActiveCfg = Debug|Any CPU
		{F3356F3F-D4E4-4B2D-B298-BF323DB538F8}.Debug|Any CPU.Build.0 = Debug|Any CPU
		{F3356F3F-D4E4-4B2D-B298-BF323DB538F8}.Release|Any CPU.ActiveCfg = Release|Any CPU
		{F3356F3F-D4E4-4B2D-B298-BF323DB538F8}.Release|Any CPU.Build.0 = Release|Any CPU
		{EBADD1C2-7A8D-4FD0-BEB1-C297A9B71443}.Debug|Any CPU.ActiveCfg = Debug|Any CPU
		{EBADD1C2-7A8D-4FD0-BEB1-C297A9B71443}.Debug|Any CPU.Build.0 = Debug|Any CPU
		{EBADD1C2-7A8D-4FD0-BEB1-C297A9B71443}.Release|Any CPU.ActiveCfg = Release|Any CPU
		{EBADD1C2-7A8D-4FD0-BEB1-C297A9B71443}.Release|Any CPU.Build.0 = Release|Any CPU
		{B0C8E866-783A-4DFF-AC4D-D88F2CB7F0C6}.Debug|Any CPU.ActiveCfg = Debug|Any CPU
		{B0C8E866-783A-4DFF-AC4D-D88F2CB7F0C6}.Debug|Any CPU.Build.0 = Debug|Any CPU
		{B0C8E866-783A-4DFF-AC4D-D88F2CB7F0C6}.Release|Any CPU.ActiveCfg = Release|Any CPU
		{B0C8E866-783A-4DFF-AC4D-D88F2CB7F0C6}.Release|Any CPU.Build.0 = Release|Any CPU
		{0132DBAA-014C-496E-8440-96A31B464FCB}.Debug|Any CPU.ActiveCfg = Debug|Any CPU
		{0132DBAA-014C-496E-8440-96A31B464FCB}.Debug|Any CPU.Build.0 = Debug|Any CPU
		{0132DBAA-014C-496E-8440-96A31B464FCB}.Release|Any CPU.ActiveCfg = Release|Any CPU
		{0132DBAA-014C-496E-8440-96A31B464FCB}.Release|Any CPU.Build.0 = Release|Any CPU
		{EA7CD25F-7744-4D37-A8A1-86747FC3F9B9}.Debug|Any CPU.ActiveCfg = Debug|Any CPU
		{EA7CD25F-7744-4D37-A8A1-86747FC3F9B9}.Debug|Any CPU.Build.0 = Debug|Any CPU
		{EA7CD25F-7744-4D37-A8A1-86747FC3F9B9}.Release|Any CPU.ActiveCfg = Release|Any CPU
		{EA7CD25F-7744-4D37-A8A1-86747FC3F9B9}.Release|Any CPU.Build.0 = Release|Any CPU
	EndGlobalSection
	GlobalSection(SolutionProperties) = preSolution
		HideSolutionNode = FALSE
	EndGlobalSection
	GlobalSection(ExtensibilityGlobals) = postSolution
		SolutionGuid = {845F22D7-6901-4557-A72C-0AEDE7D46FA2}
	EndGlobalSection
EndGlobal
